
Microsoft Visual Studio Solution File, Format Version 12.00
# Visual Studio 2012
Project("{FAE04EC0-301F-11D3-BF4B-00C04F79EFBC}") = "ActionsContentViewBinding", "ActionsContentViewBinding\ActionsContentViewBinding.csproj", "{9CC79272-8EEB-4CDE-A11B-4FBA8500EB31}"
EndProject
Project("{FAE04EC0-301F-11D3-BF4B-00C04F79EFBC}") = "ActionsContentViewExample", "ActionsContentViewExample\ActionsContentViewExample.csproj", "{7588575E-D884-4682-AF28-97B0DD993620}"
EndProject
Global
	GlobalSection(SolutionConfigurationPlatforms) = preSolution
		Debug|Any CPU = Debug|Any CPU
		Release|Any CPU = Release|Any CPU
	EndGlobalSection
	GlobalSection(ProjectConfigurationPlatforms) = postSolution
		{9CC79272-8EEB-4CDE-A11B-4FBA8500EB31}.Debug|Any CPU.ActiveCfg = Debug|Any CPU
		{9CC79272-8EEB-4CDE-A11B-4FBA8500EB31}.Debug|Any CPU.Build.0 = Debug|Any CPU
		{9CC79272-8EEB-4CDE-A11B-4FBA8500EB31}.Release|Any CPU.ActiveCfg = Release|Any CPU
		{9CC79272-8EEB-4CDE-A11B-4FBA8500EB31}.Release|Any CPU.Build.0 = Release|Any CPU
		{7588575E-D884-4682-AF28-97B0DD993620}.Debug|Any CPU.ActiveCfg = Debug|Any CPU
		{7588575E-D884-4682-AF28-97B0DD993620}.Debug|Any CPU.Build.0 = Debug|Any CPU
		{7588575E-D884-4682-AF28-97B0DD993620}.Debug|Any CPU.Deploy.0 = Debug|Any CPU
		{7588575E-D884-4682-AF28-97B0DD993620}.Release|Any CPU.ActiveCfg = Release|Any CPU
		{7588575E-D884-4682-AF28-97B0DD993620}.Release|Any CPU.Build.0 = Release|Any CPU
		{7588575E-D884-4682-AF28-97B0DD993620}.Release|Any CPU.Deploy.0 = Release|Any CPU
	EndGlobalSection
	GlobalSection(SolutionProperties) = preSolution
		HideSolutionNode = FALSE
	EndGlobalSection
EndGlobal
